// !$*UTF8*$!
{
	archiveVersion = 1;
	classes = {
	};
	objectVersion = 56;
	objects = {

/* Begin PBXBuildFile section */
		D307D68F2ACD4AB6009AB7B2 /* PinchApp.swift in Sources */ = {isa = PBXBuildFile; fileRef = D307D68E2ACD4AB6009AB7B2 /* PinchApp.swift */; };
		D307D6912ACD4AB6009AB7B2 /* ContentView.swift in Sources */ = {isa = PBXBuildFile; fileRef = D307D6902ACD4AB6009AB7B2 /* ContentView.swift */; };
		D307D6932ACD4AB7009AB7B2 /* Assets.xcassets in Resources */ = {isa = PBXBuildFile; fileRef = D307D6922ACD4AB7009AB7B2 /* Assets.xcassets */; };
		D307D6972ACD4AB7009AB7B2 /* Preview Assets.xcassets in Resources */ = {isa = PBXBuildFile; fileRef = D307D6962ACD4AB7009AB7B2 /* Preview Assets.xcassets */; };
		D307D6A12ACD4AB7009AB7B2 /* PinchTests.swift in Sources */ = {isa = PBXBuildFile; fileRef = D307D6A02ACD4AB7009AB7B2 /* PinchTests.swift */; };
		D307D6AB2ACD4AB7009AB7B2 /* PinchUITests.swift in Sources */ = {isa = PBXBuildFile; fileRef = D307D6AA2ACD4AB7009AB7B2 /* PinchUITests.swift */; };
		D307D6AD2ACD4AB7009AB7B2 /* PinchUITestsLaunchTests.swift in Sources */ = {isa = PBXBuildFile; fileRef = D307D6AC2ACD4AB7009AB7B2 /* PinchUITestsLaunchTests.swift */; };
		D307D6BE2ACEA9BA009AB7B2 /* InfoPanelView.swift in Sources */ = {isa = PBXBuildFile; fileRef = D307D6BD2ACEA9BA009AB7B2 /* InfoPanelView.swift */; };
		D307D6C02ACEB3C0009AB7B2 /* ControlImageView.swift in Sources */ = {isa = PBXBuildFile; fileRef = D307D6BF2ACEB3C0009AB7B2 /* ControlImageView.swift */; };
		D3BF81E62AD3926B00D18382 /* PageModel.swift in Sources */ = {isa = PBXBuildFile; fileRef = D3BF81E52AD3926B00D18382 /* PageModel.swift */; };
		D3BF81E82AD392BD00D18382 /* PageData.swift in Sources */ = {isa = PBXBuildFile; fileRef = D3BF81E72AD392BD00D18382 /* PageData.swift */; };
/* End PBXBuildFile section */

/* Begin PBXContainerItemProxy section */
		D307D69D2ACD4AB7009AB7B2 /* PBXContainerItemProxy */ = {
			isa = PBXContainerItemProxy;
			containerPortal = D307D6832ACD4AB6009AB7B2 /* Project object */;
			proxyType = 1;
			remoteGlobalIDString = D307D68A2ACD4AB6009AB7B2;
			remoteInfo = Pinch;
		};
		D307D6A72ACD4AB7009AB7B2 /* PBXContainerItemProxy */ = {
			isa = PBXContainerItemProxy;
			containerPortal = D307D6832ACD4AB6009AB7B2 /* Project object */;
			proxyType = 1;
			remoteGlobalIDString = D307D68A2ACD4AB6009AB7B2;
			remoteInfo = Pinch;
		};
/* End PBXContainerItemProxy section */

/* Begin PBXFileReference section */
		D307D68B2ACD4AB6009AB7B2 /* Pinch.app */ = {isa = PBXFileReference; explicitFileType = wrapper.application; includeInIndex = 0; path = Pinch.app; sourceTree = BUILT_PRODUCTS_DIR; };
		D307D68E2ACD4AB6009AB7B2 /* PinchApp.swift */ = {isa = PBXFileReference; lastKnownFileType = sourcecode.swift; path = PinchApp.swift; sourceTree = "<group>"; };
		D307D6902ACD4AB6009AB7B2 /* ContentView.swift */ = {isa = PBXFileReference; lastKnownFileType = sourcecode.swift; path = ContentView.swift; sourceTree = "<group>"; };
		D307D6922ACD4AB7009AB7B2 /* Assets.xcassets */ = {isa = PBXFileReference; lastKnownFileType = folder.assetcatalog; path = Assets.xcassets; sourceTree = "<group>"; };
		D307D6942ACD4AB7009AB7B2 /* Pinch.entitlements */ = {isa = PBXFileReference; lastKnownFileType = text.plist.entitlements; path = Pinch.entitlements; sourceTree = "<group>"; };
		D307D6962ACD4AB7009AB7B2 /* Preview Assets.xcassets */ = {isa = PBXFileReference; lastKnownFileType = folder.assetcatalog; path = "Preview Assets.xcassets"; sourceTree = "<group>"; };
		D307D69C2ACD4AB7009AB7B2 /* PinchTests.xctest */ = {isa = PBXFileReference; explicitFileType = wrapper.cfbundle; includeInIndex = 0; path = PinchTests.xctest; sourceTree = BUILT_PRODUCTS_DIR; };
		D307D6A02ACD4AB7009AB7B2 /* PinchTests.swift */ = {isa = PBXFileReference; lastKnownFileType = sourcecode.swift; path = PinchTests.swift; sourceTree = "<group>"; };
		D307D6A62ACD4AB7009AB7B2 /* PinchUITests.xctest */ = {isa = PBXFileReference; explicitFileType = wrapper.cfbundle; includeInIndex = 0; path = PinchUITests.xctest; sourceTree = BUILT_PRODUCTS_DIR; };
		D307D6AA2ACD4AB7009AB7B2 /* PinchUITests.swift */ = {isa = PBXFileReference; lastKnownFileType = sourcecode.swift; path = PinchUITests.swift; sourceTree = "<group>"; };
		D307D6AC2ACD4AB7009AB7B2 /* PinchUITestsLaunchTests.swift */ = {isa = PBXFileReference; lastKnownFileType = sourcecode.swift; path = PinchUITestsLaunchTests.swift; sourceTree = "<group>"; };
		D307D6BD2ACEA9BA009AB7B2 /* InfoPanelView.swift */ = {isa = PBXFileReference; lastKnownFileType = sourcecode.swift; path = InfoPanelView.swift; sourceTree = "<group>"; };
		D307D6BF2ACEB3C0009AB7B2 /* ControlImageView.swift */ = {isa = PBXFileReference; lastKnownFileType = sourcecode.swift; path = ControlImageView.swift; sourceTree = "<group>"; };
		D3BF81E52AD3926B00D18382 /* PageModel.swift */ = {isa = PBXFileReference; lastKnownFileType = sourcecode.swift; path = PageModel.swift; sourceTree = "<group>"; };
		D3BF81E72AD392BD00D18382 /* PageData.swift */ = {isa = PBXFileReference; lastKnownFileType = sourcecode.swift; path = PageData.swift; sourceTree = "<group>"; };
/* End PBXFileReference section */

/* Begin PBXFrameworksBuildPhase section */
		D307D6882ACD4AB6009AB7B2 /* Frameworks */ = {
			isa = PBXFrameworksBuildPhase;
			buildActionMask = 2147483647;
			files = (
			);
			runOnlyForDeploymentPostprocessing = 0;
		};
		D307D6992ACD4AB7009AB7B2 /* Frameworks */ = {
			isa = PBXFrameworksBuildPhase;
			buildActionMask = 2147483647;
			files = (
			);
			runOnlyForDeploymentPostprocessing = 0;
		};
		D307D6A32ACD4AB7009AB7B2 /* Frameworks */ = {
			isa = PBXFrameworksBuildPhase;
			buildActionMask = 2147483647;
			files = (
			);
			runOnlyForDeploymentPostprocessing = 0;
		};
/* End PBXFrameworksBuildPhase section */

/* Begin PBXGroup section */
		D307D6822ACD4AB6009AB7B2 = {
			isa = PBXGroup;
			children = (
				D307D68D2ACD4AB6009AB7B2 /* Pinch */,
				D307D69F2ACD4AB7009AB7B2 /* PinchTests */,
				D307D6A92ACD4AB7009AB7B2 /* PinchUITests */,
				D307D68C2ACD4AB6009AB7B2 /* Products */,
			);
			sourceTree = "<group>";
		};
		D307D68C2ACD4AB6009AB7B2 /* Products */ = {
			isa = PBXGroup;
			children = (
				D307D68B2ACD4AB6009AB7B2 /* Pinch.app */,
				D307D69C2ACD4AB7009AB7B2 /* PinchTests.xctest */,
				D307D6A62ACD4AB7009AB7B2 /* PinchUITests.xctest */,
			);
			name = Products;
			sourceTree = "<group>";
		};
		D307D68D2ACD4AB6009AB7B2 /* Pinch */ = {
			isa = PBXGroup;
			children = (
				D307D6BC2ACD61B3009AB7B2 /* Data */,
				D307D6BB2ACD61AA009AB7B2 /* Model */,
				D307D6BA2ACD6198009AB7B2 /* View */,
				D307D68E2ACD4AB6009AB7B2 /* PinchApp.swift */,
				D307D6B92ACD6167009AB7B2 /* Screen */,
				D307D6922ACD4AB7009AB7B2 /* Assets.xcassets */,
				D307D6942ACD4AB7009AB7B2 /* Pinch.entitlements */,
				D307D6952ACD4AB7009AB7B2 /* Preview Content */,
			);
			path = Pinch;
			sourceTree = "<group>";
		};
		D307D6952ACD4AB7009AB7B2 /* Preview Content */ = {
			isa = PBXGroup;
			children = (
				D307D6962ACD4AB7009AB7B2 /* Preview Assets.xcassets */,
			);
			path = "Preview Content";
			sourceTree = "<group>";
		};
		D307D69F2ACD4AB7009AB7B2 /* PinchTests */ = {
			isa = PBXGroup;
			children = (
				D307D6A02ACD4AB7009AB7B2 /* PinchTests.swift */,
			);
			path = PinchTests;
			sourceTree = "<group>";
		};
		D307D6A92ACD4AB7009AB7B2 /* PinchUITests */ = {
			isa = PBXGroup;
			children = (
				D307D6AA2ACD4AB7009AB7B2 /* PinchUITests.swift */,
				D307D6AC2ACD4AB7009AB7B2 /* PinchUITestsLaunchTests.swift */,
			);
			path = PinchUITests;
			sourceTree = "<group>";
		};
		D307D6B92ACD6167009AB7B2 /* Screen */ = {
			isa = PBXGroup;
			children = (
				D307D6902ACD4AB6009AB7B2 /* ContentView.swift */,
			);
			path = Screen;
			sourceTree = "<group>";
		};
		D307D6BA2ACD6198009AB7B2 /* View */ = {
			isa = PBXGroup;
			children = (
				D307D6BD2ACEA9BA009AB7B2 /* InfoPanelView.swift */,
				D307D6BF2ACEB3C0009AB7B2 /* ControlImageView.swift */,
			);
			path = View;
			sourceTree = "<group>";
		};
		D307D6BB2ACD61AA009AB7B2 /* Model */ = {
			isa = PBXGroup;
			children = (
				D3BF81E52AD3926B00D18382 /* PageModel.swift */,
			);
			path = Model;
			sourceTree = "<group>";
		};
		D307D6BC2ACD61B3009AB7B2 /* Data */ = {
			isa = PBXGroup;
			children = (
				D3BF81E72AD392BD00D18382 /* PageData.swift */,
			);
			path = Data;
			sourceTree = "<group>";
		};
/* End PBXGroup section */

/* Begin PBXNativeTarget section */
		D307D68A2ACD4AB6009AB7B2 /* Pinch */ = {
			isa = PBXNativeTarget;
			buildConfigurationList = D307D6B02ACD4AB7009AB7B2 /* Build configuration list for PBXNativeTarget "Pinch" */;
			buildPhases = (
				D307D6872ACD4AB6009AB7B2 /* Sources */,
				D307D6882ACD4AB6009AB7B2 /* Frameworks */,
				D307D6892ACD4AB6009AB7B2 /* Resources */,
			);
			buildRules = (
			);
			dependencies = (
			);
			name = Pinch;
			productName = Pinch;
			productReference = D307D68B2ACD4AB6009AB7B2 /* Pinch.app */;
			productType = "com.apple.product-type.application";
		};
		D307D69B2ACD4AB7009AB7B2 /* PinchTests */ = {
			isa = PBXNativeTarget;
			buildConfigurationList = D307D6B32ACD4AB7009AB7B2 /* Build configuration list for PBXNativeTarget "PinchTests" */;
			buildPhases = (
				D307D6982ACD4AB7009AB7B2 /* Sources */,
				D307D6992ACD4AB7009AB7B2 /* Frameworks */,
				D307D69A2ACD4AB7009AB7B2 /* Resources */,
			);
			buildRules = (
			);
			dependencies = (
				D307D69E2ACD4AB7009AB7B2 /* PBXTargetDependency */,
			);
			name = PinchTests;
			productName = PinchTests;
			productReference = D307D69C2ACD4AB7009AB7B2 /* PinchTests.xctest */;
			productType = "com.apple.product-type.bundle.unit-test";
		};
		D307D6A52ACD4AB7009AB7B2 /* PinchUITests */ = {
			isa = PBXNativeTarget;
			buildConfigurationList = D307D6B62ACD4AB7009AB7B2 /* Build configuration list for PBXNativeTarget "PinchUITests" */;
			buildPhases = (
				D307D6A22ACD4AB7009AB7B2 /* Sources */,
				D307D6A32ACD4AB7009AB7B2 /* Frameworks */,
				D307D6A42ACD4AB7009AB7B2 /* Resources */,
			);
			buildRules = (
			);
			dependencies = (
				D307D6A82ACD4AB7009AB7B2 /* PBXTargetDependency */,
			);
			name = PinchUITests;
			productName = PinchUITests;
			productReference = D307D6A62ACD4AB7009AB7B2 /* PinchUITests.xctest */;
			productType = "com.apple.product-type.bundle.ui-testing";
		};
/* End PBXNativeTarget section */

/* Begin PBXProject section */
		D307D6832ACD4AB6009AB7B2 /* Project object */ = {
			isa = PBXProject;
			attributes = {
				BuildIndependentTargetsInParallel = 1;
				LastSwiftUpdateCheck = 1430;
				LastUpgradeCheck = 1430;
				TargetAttributes = {
					D307D68A2ACD4AB6009AB7B2 = {
						CreatedOnToolsVersion = 14.3.1;
					};
					D307D69B2ACD4AB7009AB7B2 = {
						CreatedOnToolsVersion = 14.3.1;
						TestTargetID = D307D68A2ACD4AB6009AB7B2;
					};
					D307D6A52ACD4AB7009AB7B2 = {
						CreatedOnToolsVersion = 14.3.1;
						TestTargetID = D307D68A2ACD4AB6009AB7B2;
					};
				};
			};
			buildConfigurationList = D307D6862ACD4AB6009AB7B2 /* Build configuration list for PBXProject "Pinch" */;
			compatibilityVersion = "Xcode 14.0";
			developmentRegion = en;
			hasScannedForEncodings = 0;
			knownRegions = (
				en,
				Base,
			);
			mainGroup = D307D6822ACD4AB6009AB7B2;
			productRefGroup = D307D68C2ACD4AB6009AB7B2 /* Products */;
			projectDirPath = "";
			projectRoot = "";
			targets = (
				D307D68A2ACD4AB6009AB7B2 /* Pinch */,
				D307D69B2ACD4AB7009AB7B2 /* PinchTests */,
				D307D6A52ACD4AB7009AB7B2 /* PinchUITests */,
			);
		};
/* End PBXProject section */

/* Begin PBXResourcesBuildPhase section */
		D307D6892ACD4AB6009AB7B2 /* Resources */ = {
			isa = PBXResourcesBuildPhase;
			buildActionMask = 2147483647;
			files = (
				D307D6972ACD4AB7009AB7B2 /* Preview Assets.xcassets in Resources */,
				D307D6932ACD4AB7009AB7B2 /* Assets.xcassets in Resources */,
			);
			runOnlyForDeploymentPostprocessing = 0;
		};
		D307D69A2ACD4AB7009AB7B2 /* Resources */ = {
			isa = PBXResourcesBuildPhase;
			buildActionMask = 2147483647;
			files = (
			);
			runOnlyForDeploymentPostprocessing = 0;
		};
		D307D6A42ACD4AB7009AB7B2 /* Resources */ = {
			isa = PBXResourcesBuildPhase;
			buildActionMask = 2147483647;
			files = (
			);
			runOnlyForDeploymentPostprocessing = 0;
		};
/* End PBXResourcesBuildPhase section */

/* Begin PBXSourcesBuildPhase section */
		D307D6872ACD4AB6009AB7B2 /* Sources */ = {
			isa = PBXSourcesBuildPhase;
			buildActionMask = 2147483647;
			files = (
				D307D6C02ACEB3C0009AB7B2 /* ControlImageView.swift in Sources */,
				D3BF81E62AD3926B00D18382 /* PageModel.swift in Sources */,
				D307D6912ACD4AB6009AB7B2 /* ContentView.swift in Sources */,
				D307D68F2ACD4AB6009AB7B2 /* PinchApp.swift in Sources */,
				D3BF81E82AD392BD00D18382 /* PageData.swift in Sources */,
				D307D6BE2ACEA9BA009AB7B2 /* InfoPanelView.swift in Sources */,
			);
			runOnlyForDeploymentPostprocessing = 0;
		};
		D307D6982ACD4AB7009AB7B2 /* Sources */ = {
			isa = PBXSourcesBuildPhase;
			buildActionMask = 2147483647;
			files = (
				D307D6A12ACD4AB7009AB7B2 /* PinchTests.swift in Sources */,
			);
			runOnlyForDeploymentPostprocessing = 0;
		};
		D307D6A22ACD4AB7009AB7B2 /* Sources */ = {
			isa = PBXSourcesBuildPhase;
			buildActionMask = 2147483647;
			files = (
				D307D6AB2ACD4AB7009AB7B2 /* PinchUITests.swift in Sources */,
				D307D6AD2ACD4AB7009AB7B2 /* PinchUITestsLaunchTests.swift in Sources */,
			);
			runOnlyForDeploymentPostprocessing = 0;
		};
/* End PBXSourcesBuildPhase section */

/* Begin PBXTargetDependency section */
		D307D69E2ACD4AB7009AB7B2 /* PBXTargetDependency */ = {
			isa = PBXTargetDependency;
			target = D307D68A2ACD4AB6009AB7B2 /* Pinch */;
			targetProxy = D307D69D2ACD4AB7009AB7B2 /* PBXContainerItemProxy */;
		};
		D307D6A82ACD4AB7009AB7B2 /* PBXTargetDependency */ = {
			isa = PBXTargetDependency;
			target = D307D68A2ACD4AB6009AB7B2 /* Pinch */;
			targetProxy = D307D6A72ACD4AB7009AB7B2 /* PBXContainerItemProxy */;
		};
/* End PBXTargetDependency section */

/* Begin XCBuildConfiguration section */
		D307D6AE2ACD4AB7009AB7B2 /* Debug */ = {
			isa = XCBuildConfiguration;
			buildSettings = {
				ALWAYS_SEARCH_USER_PATHS = NO;
				CLANG_ANALYZER_NONNULL = YES;
				CLANG_ANALYZER_NUMBER_OBJECT_CONVERSION = YES_AGGRESSIVE;
				CLANG_CXX_LANGUAGE_STANDARD = "gnu++20";
				CLANG_ENABLE_MODULES = YES;
				CLANG_ENABLE_OBJC_ARC = YES;
				CLANG_ENABLE_OBJC_WEAK = YES;
				CLANG_WARN_BLOCK_CAPTURE_AUTORELEASING = YES;
				CLANG_WARN_BOOL_CONVERSION = YES;
				CLANG_WARN_COMMA = YES;
				CLANG_WARN_CONSTANT_CONVERSION = YES;
				CLANG_WARN_DEPRECATED_OBJC_IMPLEMENTATIONS = YES;
				CLANG_WARN_DIRECT_OBJC_ISA_USAGE = YES_ERROR;
				CLANG_WARN_DOCUMENTATION_COMMENTS = YES;
				CLANG_WARN_EMPTY_BODY = YES;
				CLANG_WARN_ENUM_CONVERSION = YES;
				CLANG_WARN_INFINITE_RECURSION = YES;
				CLANG_WARN_INT_CONVERSION = YES;
				CLANG_WARN_NON_LITERAL_NULL_CONVERSION = YES;
				CLANG_WARN_OBJC_IMPLICIT_RETAIN_SELF = YES;
				CLANG_WARN_OBJC_LITERAL_CONVERSION = YES;
				CLANG_WARN_OBJC_ROOT_CLASS = YES_ERROR;
				CLANG_WARN_QUOTED_INCLUDE_IN_FRAMEWORK_HEADER = YES;
				CLANG_WARN_RANGE_LOOP_ANALYSIS = YES;
				CLANG_WARN_STRICT_PROTOTYPES = YES;
				CLANG_WARN_SUSPICIOUS_MOVE = YES;
				CLANG_WARN_UNGUARDED_AVAILABILITY = YES_AGGRESSIVE;
				CLANG_WARN_UNREACHABLE_CODE = YES;
				CLANG_WARN__DUPLICATE_METHOD_MATCH = YES;
				COPY_PHASE_STRIP = NO;
				DEBUG_INFORMATION_FORMAT = dwarf;
				ENABLE_STRICT_OBJC_MSGSEND = YES;
				ENABLE_TESTABILITY = YES;
				GCC_C_LANGUAGE_STANDARD = gnu11;
				GCC_DYNAMIC_NO_PIC = NO;
				GCC_NO_COMMON_BLOCKS = YES;
				GCC_OPTIMIZATION_LEVEL = 0;
				GCC_PREPROCESSOR_DEFINITIONS = (
					"DEBUG=1",
					"$(inherited)",
				);
				GCC_WARN_64_TO_32_BIT_CONVERSION = YES;
				GCC_WARN_ABOUT_RETURN_TYPE = YES_ERROR;
				GCC_WARN_UNDECLARED_SELECTOR = YES;
				GCC_WARN_UNINITIALIZED_AUTOS = YES_AGGRESSIVE;
				GCC_WARN_UNUSED_FUNCTION = YES;
				GCC_WARN_UNUSED_VARIABLE = YES;
				MTL_ENABLE_DEBUG_INFO = INCLUDE_SOURCE;
				MTL_FAST_MATH = YES;
				ONLY_ACTIVE_ARCH = YES;
				SWIFT_ACTIVE_COMPILATION_CONDITIONS = DEBUG;
				SWIFT_OPTIMIZATION_LEVEL = "-Onone";
			};
			name = Debug;
		};
		D307D6AF2ACD4AB7009AB7B2 /* Release */ = {
			isa = XCBuildConfiguration;
			buildSettings = {
				ALWAYS_SEARCH_USER_PATHS = NO;
				CLANG_ANALYZER_NONNULL = YES;
				CLANG_ANALYZER_NUMBER_OBJECT_CONVERSION = YES_AGGRESSIVE;
				CLANG_CXX_LANGUAGE_STANDARD = "gnu++20";
				CLANG_ENABLE_MODULES = YES;
				CLANG_ENABLE_OBJC_ARC = YES;
				CLANG_ENABLE_OBJC_WEAK = YES;
				CLANG_WARN_BLOCK_CAPTURE_AUTORELEASING = YES;
				CLANG_WARN_BOOL_CONVERSION = YES;
				CLANG_WARN_COMMA = YES;
				CLANG_WARN_CONSTANT_CONVERSION = YES;
				CLANG_WARN_DEPRECATED_OBJC_IMPLEMENTATIONS = YES;
				CLANG_WARN_DIRECT_OBJC_ISA_USAGE = YES_ERROR;
				CLANG_WARN_DOCUMENTATION_COMMENTS = YES;
				CLANG_WARN_EMPTY_BODY = YES;
				CLANG_WARN_ENUM_CONVERSION = YES;
				CLANG_WARN_INFINITE_RECURSION = YES;
				CLANG_WARN_INT_CONVERSION = YES;
				CLANG_WARN_NON_LITERAL_NULL_CONVERSION = YES;
				CLANG_WARN_OBJC_IMPLICIT_RETAIN_SELF = YES;
				CLANG_WARN_OBJC_LITERAL_CONVERSION = YES;
				CLANG_WARN_OBJC_ROOT_CLASS = YES_ERROR;
				CLANG_WARN_QUOTED_INCLUDE_IN_FRAMEWORK_HEADER = YES;
				CLANG_WARN_RANGE_LOOP_ANALYSIS = YES;
				CLANG_WARN_STRICT_PROTOTYPES = YES;
				CLANG_WARN_SUSPICIOUS_MOVE = YES;
				CLANG_WARN_UNGUARDED_AVAILABILITY = YES_AGGRESSIVE;
				CLANG_WARN_UNREACHABLE_CODE = YES;
				CLANG_WARN__DUPLICATE_METHOD_MATCH = YES;
				COPY_PHASE_STRIP = NO;
				DEBUG_INFORMATION_FORMAT = "dwarf-with-dsym";
				ENABLE_NS_ASSERTIONS = NO;
				ENABLE_STRICT_OBJC_MSGSEND = YES;
				GCC_C_LANGUAGE_STANDARD = gnu11;
				GCC_NO_COMMON_BLOCKS = YES;
				GCC_WARN_64_TO_32_BIT_CONVERSION = YES;
				GCC_WARN_ABOUT_RETURN_TYPE = YES_ERROR;
				GCC_WARN_UNDECLARED_SELECTOR = YES;
				GCC_WARN_UNINITIALIZED_AUTOS = YES_AGGRESSIVE;
				GCC_WARN_UNUSED_FUNCTION = YES;
				GCC_WARN_UNUSED_VARIABLE = YES;
				MTL_ENABLE_DEBUG_INFO = NO;
				MTL_FAST_MATH = YES;
				SWIFT_COMPILATION_MODE = wholemodule;
				SWIFT_OPTIMIZATION_LEVEL = "-O";
			};
			name = Release;
		};
		D307D6B12ACD4AB7009AB7B2 /* Debug */ = {
			isa = XCBuildConfiguration;
			buildSettings = {
				ASSETCATALOG_COMPILER_APPICON_NAME = AppIcon;
				ASSETCATALOG_COMPILER_GLOBAL_ACCENT_COLOR_NAME = AccentColor;
				CODE_SIGN_ENTITLEMENTS = Pinch/Pinch.entitlements;
				CODE_SIGN_STYLE = Automatic;
				CURRENT_PROJECT_VERSION = 1;
				DEVELOPMENT_ASSET_PATHS = "\"Pinch/Preview Content\"";
				DEVELOPMENT_TEAM = K8FKWBYV9S;
				ENABLE_HARDENED_RUNTIME = YES;
				ENABLE_PREVIEWS = YES;
				GENERATE_INFOPLIST_FILE = YES;
				"INFOPLIST_KEY_UIApplicationSceneManifest_Generation[sdk=iphoneos*]" = YES;
				"INFOPLIST_KEY_UIApplicationSceneManifest_Generation[sdk=iphonesimulator*]" = YES;
				"INFOPLIST_KEY_UIApplicationSupportsIndirectInputEvents[sdk=iphoneos*]" = YES;
				"INFOPLIST_KEY_UIApplicationSupportsIndirectInputEvents[sdk=iphonesimulator*]" = YES;
				"INFOPLIST_KEY_UILaunchScreen_Generation[sdk=iphoneos*]" = YES;
				"INFOPLIST_KEY_UILaunchScreen_Generation[sdk=iphonesimulator*]" = YES;
				"INFOPLIST_KEY_UIStatusBarStyle[sdk=iphoneos*]" = UIStatusBarStyleDefault;
				"INFOPLIST_KEY_UIStatusBarStyle[sdk=iphonesimulator*]" = UIStatusBarStyleDefault;
				INFOPLIST_KEY_UISupportedInterfaceOrientations = UIInterfaceOrientationPortrait;
				INFOPLIST_KEY_UISupportedInterfaceOrientations_iPad = "UIInterfaceOrientationPortrait UIInterfaceOrientationPortraitUpsideDown";
				IPHONEOS_DEPLOYMENT_TARGET = 16.4;
				LD_RUNPATH_SEARCH_PATHS = "@executable_path/Frameworks";
				"LD_RUNPATH_SEARCH_PATHS[sdk=macosx*]" = "@executable_path/../Frameworks";
				MACOSX_DEPLOYMENT_TARGET = 13.3;
				MARKETING_VERSION = 1.0;
				PRODUCT_BUNDLE_IDENTIFIER = frederick.Pinch;
				PRODUCT_NAME = "$(TARGET_NAME)";
				SDKROOT = auto;
				SUPPORTED_PLATFORMS = "iphoneos iphonesimulator macosx";
				SWIFT_EMIT_LOC_STRINGS = YES;
				SWIFT_VERSION = 5.0;
				TARGETED_DEVICE_FAMILY = "1,2";
			};
			name = Debug;
		};
		D307D6B22ACD4AB7009AB7B2 /* Release */ = {
			isa = XCBuildConfiguration;
			buildSettings = {
				ASSETCATALOG_COMPILER_APPICON_NAME = AppIcon;
				ASSETCATALOG_COMPILER_GLOBAL_ACCENT_COLOR_NAME = AccentColor;
				CODE_SIGN_ENTITLEMENTS = Pinch/Pinch.entitlements;
				CODE_SIGN_STYLE = Automatic;
				CURRENT_PROJECT_VERSION = 1;
				DEVELOPMENT_ASSET_PATHS = "\"Pinch/Preview Content\"";
				DEVELOPMENT_TEAM = K8FKWBYV9S;
				ENABLE_HARDENED_RUNTIME = YES;
				ENABLE_PREVIEWS = YES;
				GENERATE_INFOPLIST_FILE = YES;
				"INFOPLIST_KEY_UIApplicationSceneManifest_Generation[sdk=iphoneos*]" = YES;
				"INFOPLIST_KEY_UIApplicationSceneManifest_Generation[sdk=iphonesimulator*]" = YES;
				"INFOPLIST_KEY_UIApplicationSupportsIndirectInputEvents[sdk=iphoneos*]" = YES;
				"INFOPLIST_KEY_UIApplicationSupportsIndirectInputEvents[sdk=iphonesimulator*]" = YES;
				"INFOPLIST_KEY_UILaunchScreen_Generation[sdk=iphoneos*]" = YES;
				"INFOPLIST_KEY_UILaunchScreen_Generation[sdk=iphonesimulator*]" = YES;
				"INFOPLIST_KEY_UIStatusBarStyle[sdk=iphoneos*]" = UIStatusBarStyleDefault;
				"INFOPLIST_KEY_UIStatusBarStyle[sdk=iphonesimulator*]" = UIStatusBarStyleDefault;
				INFOPLIST_KEY_UISupportedInterfaceOrientations = UIInterfaceOrientationPortrait;
				INFOPLIST_KEY_UISupportedInterfaceOrientations_iPad = "UIInterfaceOrientationPortrait UIInterfaceOrientationPortraitUpsideDown";
				IPHONEOS_DEPLOYMENT_TARGET = 16.4;
				LD_RUNPATH_SEARCH_PATHS = "@executable_path/Frameworks";
				"LD_RUNPATH_SEARCH_PATHS[sdk=macosx*]" = "@executable_path/../Frameworks";
				MACOSX_DEPLOYMENT_TARGET = 13.3;
				MARKETING_VERSION = 1.0;
				PRODUCT_BUNDLE_IDENTIFIER = frederick.Pinch;
				PRODUCT_NAME = "$(TARGET_NAME)";
				SDKROOT = auto;
				SUPPORTED_PLATFORMS = "iphoneos iphonesimulator macosx";
				SWIFT_EMIT_LOC_STRINGS = YES;
				SWIFT_VERSION = 5.0;
				TARGETED_DEVICE_FAMILY = "1,2";
			};
			name = Release;
		};
		D307D6B42ACD4AB7009AB7B2 /* Debug */ = {
			isa = XCBuildConfiguration;
			buildSettings = {
				ALWAYS_EMBED_SWIFT_STANDARD_LIBRARIES = YES;
				BUNDLE_LOADER = "$(TEST_HOST)";
				CODE_SIGN_STYLE = Automatic;
				CURRENT_PROJECT_VERSION = 1;
				DEVELOPMENT_TEAM = K8FKWBYV9S;
				GENERATE_INFOPLIST_FILE = YES;
				IPHONEOS_DEPLOYMENT_TARGET = 16.4;
				MACOSX_DEPLOYMENT_TARGET = 13.3;
				MARKETING_VERSION = 1.0;
				PRODUCT_BUNDLE_IDENTIFIER = frederick.PinchTests;
				PRODUCT_NAME = "$(TARGET_NAME)";
				SDKROOT = auto;
				SUPPORTED_PLATFORMS = "iphoneos iphonesimulator macosx";
				SWIFT_EMIT_LOC_STRINGS = NO;
				SWIFT_VERSION = 5.0;
				TARGETED_DEVICE_FAMILY = "1,2";
				TEST_HOST = "$(BUILT_PRODUCTS_DIR)/Pinch.app/$(BUNDLE_EXECUTABLE_FOLDER_PATH)/Pinch";
			};
			name = Debug;
		};
		D307D6B52ACD4AB7009AB7B2 /* Release */ = {
			isa = XCBuildConfiguration;
			buildSettings = {
				ALWAYS_EMBED_SWIFT_STANDARD_LIBRARIES = YES;
				BUNDLE_LOADER = "$(TEST_HOST)";
				CODE_SIGN_STYLE = Automatic;
				CURRENT_PROJECT_VERSION = 1;
				DEVELOPMENT_TEAM = K8FKWBYV9S;
				GENERATE_INFOPLIST_FILE = YES;
				IPHONEOS_DEPLOYMENT_TARGET = 16.4;
				MACOSX_DEPLOYMENT_TARGET = 13.3;
				MARKETING_VERSION = 1.0;
				PRODUCT_BUNDLE_IDENTIFIER = frederick.PinchTests;
				PRODUCT_NAME = "$(TARGET_NAME)";
				SDKROOT = auto;
				SUPPORTED_PLATFORMS = "iphoneos iphonesimulator macosx";
				SWIFT_EMIT_LOC_STRINGS = NO;
				SWIFT_VERSION = 5.0;
				TARGETED_DEVICE_FAMILY = "1,2";
				TEST_HOST = "$(BUILT_PRODUCTS_DIR)/Pinch.app/$(BUNDLE_EXECUTABLE_FOLDER_PATH)/Pinch";
			};
			name = Release;
		};
		D307D6B72ACD4AB7009AB7B2 /* Debug */ = {
			isa = XCBuildConfiguration;
			buildSettings = {
				ALWAYS_EMBED_SWIFT_STANDARD_LIBRARIES = YES;
				CODE_SIGN_STYLE = Automatic;
				CURRENT_PROJECT_VERSION = 1;
				DEVELOPMENT_TEAM = K8FKWBYV9S;
				GENERATE_INFOPLIST_FILE = YES;
				IPHONEOS_DEPLOYMENT_TARGET = 16.4;
				MACOSX_DEPLOYMENT_TARGET = 13.3;
				MARKETING_VERSION = 1.0;
				PRODUCT_BUNDLE_IDENTIFIER = frederick.PinchUITests;
				PRODUCT_NAME = "$(TARGET_NAME)";
				SDKROOT = auto;
				SUPPORTED_PLATFORMS = "iphoneos iphonesimulator macosx";
				SWIFT_EMIT_LOC_STRINGS = NO;
				SWIFT_VERSION = 5.0;
				TARGETED_DEVICE_FAMILY = "1,2";
				TEST_TARGET_NAME = Pinch;
			};
			name = Debug;
		};
		D307D6B82ACD4AB7009AB7B2 /* Release */ = {
			isa = XCBuildConfiguration;
			buildSettings = {
				ALWAYS_EMBED_SWIFT_STANDARD_LIBRARIES = YES;
				CODE_SIGN_STYLE = Automatic;
				CURRENT_PROJECT_VERSION = 1;
				DEVELOPMENT_TEAM = K8FKWBYV9S;
				GENERATE_INFOPLIST_FILE = YES;
				IPHONEOS_DEPLOYMENT_TARGET = 16.4;
				MACOSX_DEPLOYMENT_TARGET = 13.3;
				MARKETING_VERSION = 1.0;
				PRODUCT_BUNDLE_IDENTIFIER = frederick.PinchUITests;
				PRODUCT_NAME = "$(TARGET_NAME)";
				SDKROOT = auto;
				SUPPORTED_PLATFORMS = "iphoneos iphonesimulator macosx";
				SWIFT_EMIT_LOC_STRINGS = NO;
				SWIFT_VERSION = 5.0;
				TARGETED_DEVICE_FAMILY = "1,2";
				TEST_TARGET_NAME = Pinch;
			};
			name = Release;
		};
/* End XCBuildConfiguration section */

/* Begin XCConfigurationList section */
		D307D6862ACD4AB6009AB7B2 /* Build configuration list for PBXProject "Pinch" */ = {
			isa = XCConfigurationList;
			buildConfigurations = (
				D307D6AE2ACD4AB7009AB7B2 /* Debug */,
				D307D6AF2ACD4AB7009AB7B2 /* Release */,
			);
			defaultConfigurationIsVisible = 0;
			defaultConfigurationName = Release;
		};
		D307D6B02ACD4AB7009AB7B2 /* Build configuration list for PBXNativeTarget "Pinch" */ = {
			isa = XCConfigurationList;
			buildConfigurations = (
				D307D6B12ACD4AB7009AB7B2 /* Debug */,
				D307D6B22ACD4AB7009AB7B2 /* Release */,
			);
			defaultConfigurationIsVisible = 0;
			defaultConfigurationName = Release;
		};
		D307D6B32ACD4AB7009AB7B2 /* Build configuration list for PBXNativeTarget "PinchTests" */ = {
			isa = XCConfigurationList;
			buildConfigurations = (
				D307D6B42ACD4AB7009AB7B2 /* Debug */,
				D307D6B52ACD4AB7009AB7B2 /* Release */,
			);
			defaultConfigurationIsVisible = 0;
			defaultConfigurationName = Release;
		};
		D307D6B62ACD4AB7009AB7B2 /* Build configuration list for PBXNativeTarget "PinchUITests" */ = {
			isa = XCConfigurationList;
			buildConfigurations = (
				D307D6B72ACD4AB7009AB7B2 /* Debug */,
				D307D6B82ACD4AB7009AB7B2 /* Release */,
			);
			defaultConfigurationIsVisible = 0;
			defaultConfigurationName = Release;
		};
/* End XCConfigurationList section */
	};
	rootObject = D307D6832ACD4AB6009AB7B2 /* Project object */;
}
